
Microsoft Visual Studio Solution File, Format Version 12.00
# Visual Studio Version 17
VisualStudioVersion = 17.11.35312.102
MinimumVisualStudioVersion = 10.0.40219.1
Project("{9A19103F-16F7-4668-BE54-9A1E7A4F7556}") = "AccesoDatos", "AccesoDatos\AccesoDatos.csproj", "{443CB2B8-1D57-4D77-9C31-7C0BC751F978}"
EndProject
Project("{FAE04EC0-301F-11D3-BF4B-00C04F79EFBC}") = "WebApi", "WebApi\WebApi.csproj", "{8DF76648-FFC3-4CEB-B257-12590C5CA170}"
EndProject
Global
	GlobalSection(SolutionConfigurationPlatforms) = preSolution
		Debug|Any CPU = Debug|Any CPU
		Release|Any CPU = Release|Any CPU
	EndGlobalSection
	GlobalSection(ProjectConfigurationPlatforms) = postSolution
		{443CB2B8-1D57-4D77-9C31-7C0BC751F978}.Debug|Any CPU.ActiveCfg = Debug|Any CPU
		{443CB2B8-1D57-4D77-9C31-7C0BC751F978}.Debug|Any CPU.Build.0 = Debug|Any CPU
		{443CB2B8-1D57-4D77-9C31-7C0BC751F978}.Release|Any CPU.ActiveCfg = Release|Any CPU
		{443CB2B8-1D57-4D77-9C31-7C0BC751F978}.Release|Any CPU.Build.0 = Release|Any CPU
		{8DF76648-FFC3-4CEB-B257-12590C5CA170}.Debug|Any CPU.ActiveCfg = Debug|Any CPU
		{8DF76648-FFC3-4CEB-B257-12590C5CA170}.Debug|Any CPU.Build.0 = Debug|Any CPU
		{8DF76648-FFC3-4CEB-B257-12590C5CA170}.Release|Any CPU.ActiveCfg = Release|Any CPU
		{8DF76648-FFC3-4CEB-B257-12590C5CA170}.Release|Any CPU.Build.0 = Release|Any CPU
	EndGlobalSection
	GlobalSection(SolutionProperties) = preSolution
		HideSolutionNode = FALSE
	EndGlobalSection
	GlobalSection(ExtensibilityGlobals) = postSolution
		SolutionGuid = {125D0539-7289-43A1-B200-6FCAFF1F32D7}
	EndGlobalSection
EndGlobal
